
Microsoft Visual Studio Solution File, Format Version 12.00
# Visual Studio 15
VisualStudioVersion = 15.0.28010.2036
MinimumVisualStudioVersion = 10.0.40219.1
Project("{FAE04EC0-301F-11D3-BF4B-00C04F79EFBC}") = "CustomerManager", "CustomerManager\CustomerManager.csproj", "{0264E371-48E4-47F4-A406-BF2916F76792}"
EndProject
Project("{FAE04EC0-301F-11D3-BF4B-00C04F79EFBC}") = "CustomerManagement", "CustomerManagement\CustomerManagement.csproj", "{72452ECE-D927-4EE5-BA3B-DD1A7EB53923}"
EndProject
Project("{FAE04EC0-301F-11D3-BF4B-00C04F79EFBC}") = "CustomerManagerApp", "CustomerManagerApp\CustomerManagerApp.csproj", "{21486725-F140-4524-8699-DAE7A80B2C26}"
EndProject
Project("{F184B08F-C81C-45F6-A57F-5ABD9991F28F}") = "CustomerManagerWeb", "CustomerManagerWeb\CustomerManagerWeb.vbproj", "{254AE808-732B-4170-A295-49AA84FA62A1}"
EndProject
Global
	GlobalSection(SolutionConfigurationPlatforms) = preSolution
		Debug|Any CPU = Debug|Any CPU
		Release|Any CPU = Release|Any CPU
	EndGlobalSection
	GlobalSection(ProjectConfigurationPlatforms) = postSolution
		{0264E371-48E4-47F4-A406-BF2916F76792}.Debug|Any CPU.ActiveCfg = Debug|Any CPU
		{0264E371-48E4-47F4-A406-BF2916F76792}.Debug|Any CPU.Build.0 = Debug|Any CPU
		{0264E371-48E4-47F4-A406-BF2916F76792}.Release|Any CPU.ActiveCfg = Release|Any CPU
		{0264E371-48E4-47F4-A406-BF2916F76792}.Release|Any CPU.Build.0 = Release|Any CPU
		{72452ECE-D927-4EE5-BA3B-DD1A7EB53923}.Debug|Any CPU.ActiveCfg = Debug|Any CPU
		{72452ECE-D927-4EE5-BA3B-DD1A7EB53923}.Debug|Any CPU.Build.0 = Debug|Any CPU
		{72452ECE-D927-4EE5-BA3B-DD1A7EB53923}.Release|Any CPU.ActiveCfg = Release|Any CPU
		{72452ECE-D927-4EE5-BA3B-DD1A7EB53923}.Release|Any CPU.Build.0 = Release|Any CPU
		{21486725-F140-4524-8699-DAE7A80B2C26}.Debug|Any CPU.ActiveCfg = Debug|Any CPU
		{21486725-F140-4524-8699-DAE7A80B2C26}.Debug|Any CPU.Build.0 = Debug|Any CPU
		{21486725-F140-4524-8699-DAE7A80B2C26}.Release|Any CPU.ActiveCfg = Release|Any CPU
		{21486725-F140-4524-8699-DAE7A80B2C26}.Release|Any CPU.Build.0 = Release|Any CPU
		{254AE808-732B-4170-A295-49AA84FA62A1}.Debug|Any CPU.ActiveCfg = Debug|Any CPU
		{254AE808-732B-4170-A295-49AA84FA62A1}.Debug|Any CPU.Build.0 = Debug|Any CPU
		{254AE808-732B-4170-A295-49AA84FA62A1}.Release|Any CPU.ActiveCfg = Release|Any CPU
		{254AE808-732B-4170-A295-49AA84FA62A1}.Release|Any CPU.Build.0 = Release|Any CPU
	EndGlobalSection
	GlobalSection(SolutionProperties) = preSolution
		HideSolutionNode = FALSE
	EndGlobalSection
	GlobalSection(ExtensibilityGlobals) = postSolution
		SolutionGuid = {DAAB66D1-E62F-4EAC-B437-59959CB6D7F5}
	EndGlobalSection
EndGlobal
